// !$*UTF8*$!
{
	archiveVersion = 1;
	classes = {
	};
	objectVersion = 55;
	objects = {

/* Begin PBXBuildFile section */
		BE2D5ADB2836B1D0001374AD /* main.cpp in Sources */ = {isa = PBXBuildFile; fileRef = BE2D5ADA2836B1D0001374AD /* main.cpp */; };
		BE2D5AE32836B1E9001374AD /* Persona.cpp in Sources */ = {isa = PBXBuildFile; fileRef = BE2D5AE12836B1E9001374AD /* Persona.cpp */; };
		BE2D5AE62836B6AF001374AD /* Estudiante.cpp in Sources */ = {isa = PBXBuildFile; fileRef = BE2D5AE42836B6AF001374AD /* Estudiante.cpp */; };
		BE2D5AE92836B9E8001374AD /* Medico.cpp in Sources */ = {isa = PBXBuildFile; fileRef = BE2D5AE72836B9E8001374AD /* Medico.cpp */; };
/* End PBXBuildFile section */

/* Begin PBXCopyFilesBuildPhase section */
		BE2D5AD52836B1D0001374AD /* CopyFiles */ = {
			isa = PBXCopyFilesBuildPhase;
			buildActionMask = 2147483647;
			dstPath = /usr/share/man/man1/;
			dstSubfolderSpec = 0;
			files = (
			);
			runOnlyForDeploymentPostprocessing = 1;
		};
/* End PBXCopyFilesBuildPhase section */

/* Begin PBXFileReference section */
		BE2D5AD72836B1D0001374AD /* Herencia */ = {isa = PBXFileReference; explicitFileType = "compiled.mach-o.executable"; includeInIndex = 0; path = Herencia; sourceTree = BUILT_PRODUCTS_DIR; };
		BE2D5ADA2836B1D0001374AD /* main.cpp */ = {isa = PBXFileReference; lastKnownFileType = sourcecode.cpp.cpp; path = main.cpp; sourceTree = "<group>"; };
		BE2D5AE12836B1E9001374AD /* Persona.cpp */ = {isa = PBXFileReference; lastKnownFileType = sourcecode.cpp.cpp; path = Persona.cpp; sourceTree = "<group>"; };
		BE2D5AE22836B1E9001374AD /* Persona.hpp */ = {isa = PBXFileReference; lastKnownFileType = sourcecode.cpp.h; path = Persona.hpp; sourceTree = "<group>"; };
		BE2D5AE42836B6AF001374AD /* Estudiante.cpp */ = {isa = PBXFileReference; lastKnownFileType = sourcecode.cpp.cpp; path = Estudiante.cpp; sourceTree = "<group>"; };
		BE2D5AE52836B6AF001374AD /* Estudiante.hpp */ = {isa = PBXFileReference; lastKnownFileType = sourcecode.cpp.h; path = Estudiante.hpp; sourceTree = "<group>"; };
		BE2D5AE72836B9E8001374AD /* Medico.cpp */ = {isa = PBXFileReference; lastKnownFileType = sourcecode.cpp.cpp; path = Medico.cpp; sourceTree = "<group>"; };
		BE2D5AE82836B9E8001374AD /* Medico.hpp */ = {isa = PBXFileReference; lastKnownFileType = sourcecode.cpp.h; path = Medico.hpp; sourceTree = "<group>"; };
/* End PBXFileReference section */

/* Begin PBXFrameworksBuildPhase section */
		BE2D5AD42836B1D0001374AD /* Frameworks */ = {
			isa = PBXFrameworksBuildPhase;
			buildActionMask = 2147483647;
			files = (
			);
			runOnlyForDeploymentPostprocessing = 0;
		};
/* End PBXFrameworksBuildPhase section */

/* Begin PBXGroup section */
		BE2D5ACE2836B1D0001374AD = {
			isa = PBXGroup;
			children = (
				BE2D5AD92836B1D0001374AD /* Herencia */,
				BE2D5AD82836B1D0001374AD /* Products */,
			);
			sourceTree = "<group>";
		};
		BE2D5AD82836B1D0001374AD /* Products */ = {
			isa = PBXGroup;
			children = (
				BE2D5AD72836B1D0001374AD /* Herencia */,
			);
			name = Products;
			sourceTree = "<group>";
		};
		BE2D5AD92836B1D0001374AD /* Herencia */ = {
			isa = PBXGroup;
			children = (
				BE2D5ADA2836B1D0001374AD /* main.cpp */,
				BE2D5AE72836B9E8001374AD /* Medico.cpp */,
				BE2D5AE82836B9E8001374AD /* Medico.hpp */,
				BE2D5AE42836B6AF001374AD /* Estudiante.cpp */,
				BE2D5AE52836B6AF001374AD /* Estudiante.hpp */,
				BE2D5AE12836B1E9001374AD /* Persona.cpp */,
				BE2D5AE22836B1E9001374AD /* Persona.hpp */,
			);
			path = Herencia;
			sourceTree = "<group>";
		};
/* End PBXGroup section */

/* Begin PBXNativeTarget section */
		BE2D5AD62836B1D0001374AD /* Herencia */ = {
			isa = PBXNativeTarget;
			buildConfigurationList = BE2D5ADE2836B1D0001374AD /* Build configuration list for PBXNativeTarget "Herencia" */;
			buildPhases = (
				BE2D5AD32836B1D0001374AD /* Sources */,
				BE2D5AD42836B1D0001374AD /* Frameworks */,
				BE2D5AD52836B1D0001374AD /* CopyFiles */,
			);
			buildRules = (
			);
			dependencies = (
			);
			name = Herencia;
			productName = Herencia;
			productReference = BE2D5AD72836B1D0001374AD /* Herencia */;
			productType = "com.apple.product-type.tool";
		};
/* End PBXNativeTarget section */

/* Begin PBXProject section */
		BE2D5ACF2836B1D0001374AD /* Project object */ = {
			isa = PBXProject;
			attributes = {
				BuildIndependentTargetsInParallel = 1;
				LastUpgradeCheck = 1330;
				TargetAttributes = {
					BE2D5AD62836B1D0001374AD = {
						CreatedOnToolsVersion = 13.3;
					};
				};
			};
			buildConfigurationList = BE2D5AD22836B1D0001374AD /* Build configuration list for PBXProject "Herencia" */;
			compatibilityVersion = "Xcode 13.0";
			developmentRegion = en;
			hasScannedForEncodings = 0;
			knownRegions = (
				en,
				Base,
			);
			mainGroup = BE2D5ACE2836B1D0001374AD;
			productRefGroup = BE2D5AD82836B1D0001374AD /* Products */;
			projectDirPath = "";
			projectRoot = "";
			targets = (
				BE2D5AD62836B1D0001374AD /* Herencia */,
			);
		};
/* End PBXProject section */

/* Begin PBXSourcesBuildPhase section */
		BE2D5AD32836B1D0001374AD /* Sources */ = {
			isa = PBXSourcesBuildPhase;
			buildActionMask = 2147483647;
			files = (
				BE2D5AE92836B9E8001374AD /* Medico.cpp in Sources */,
				BE2D5AE32836B1E9001374AD /* Persona.cpp in Sources */,
				BE2D5ADB2836B1D0001374AD /* main.cpp in Sources */,
				BE2D5AE62836B6AF001374AD /* Estudiante.cpp in Sources */,
			);
			runOnlyForDeploymentPostprocessing = 0;
		};
/* End PBXSourcesBuildPhase section */

/* Begin XCBuildConfiguration section */
		BE2D5ADC2836B1D0001374AD /* Debug */ = {
			isa = XCBuildConfiguration;
			buildSettings = {
				ALWAYS_SEARCH_USER_PATHS = NO;
				CLANG_ANALYZER_NONNULL = YES;
				CLANG_ANALYZER_NUMBER_OBJECT_CONVERSION = YES_AGGRESSIVE;
				CLANG_CXX_LANGUAGE_STANDARD = "gnu++17";
				CLANG_ENABLE_MODULES = YES;
				CLANG_ENABLE_OBJC_ARC = YES;
				CLANG_ENABLE_OBJC_WEAK = YES;
				CLANG_WARN_BLOCK_CAPTURE_AUTORELEASING = YES;
				CLANG_WARN_BOOL_CONVERSION = YES;
				CLANG_WARN_COMMA = YES;
				CLANG_WARN_CONSTANT_CONVERSION = YES;
				CLANG_WARN_DEPRECATED_OBJC_IMPLEMENTATIONS = YES;
				CLANG_WARN_DIRECT_OBJC_ISA_USAGE = YES_ERROR;
				CLANG_WARN_DOCUMENTATION_COMMENTS = YES;
				CLANG_WARN_EMPTY_BODY = YES;
				CLANG_WARN_ENUM_CONVERSION = YES;
				CLANG_WARN_INFINITE_RECURSION = YES;
				CLANG_WARN_INT_CONVERSION = YES;
				CLANG_WARN_NON_LITERAL_NULL_CONVERSION = YES;
				CLANG_WARN_OBJC_IMPLICIT_RETAIN_SELF = YES;
				CLANG_WARN_OBJC_LITERAL_CONVERSION = YES;
				CLANG_WARN_OBJC_ROOT_CLASS = YES_ERROR;
				CLANG_WARN_QUOTED_INCLUDE_IN_FRAMEWORK_HEADER = YES;
				CLANG_WARN_RANGE_LOOP_ANALYSIS = YES;
				CLANG_WARN_STRICT_PROTOTYPES = YES;
				CLANG_WARN_SUSPICIOUS_MOVE = YES;
				CLANG_WARN_UNGUARDED_AVAILABILITY = YES_AGGRESSIVE;
				CLANG_WARN_UNREACHABLE_CODE = YES;
				CLANG_WARN__DUPLICATE_METHOD_MATCH = YES;
				COPY_PHASE_STRIP = NO;
				DEBUG_INFORMATION_FORMAT = dwarf;
				ENABLE_STRICT_OBJC_MSGSEND = YES;
				ENABLE_TESTABILITY = YES;
				GCC_C_LANGUAGE_STANDARD = gnu11;
				GCC_DYNAMIC_NO_PIC = NO;
				GCC_NO_COMMON_BLOCKS = YES;
				GCC_OPTIMIZATION_LEVEL = 0;
				GCC_PREPROCESSOR_DEFINITIONS = (
					"DEBUG=1",
					"$(inherited)",
				);
				GCC_WARN_64_TO_32_BIT_CONVERSION = YES;
				GCC_WARN_ABOUT_RETURN_TYPE = YES_ERROR;
				GCC_WARN_UNDECLARED_SELECTOR = YES;
				GCC_WARN_UNINITIALIZED_AUTOS = YES_AGGRESSIVE;
				GCC_WARN_UNUSED_FUNCTION = YES;
				GCC_WARN_UNUSED_VARIABLE = YES;
				MACOSX_DEPLOYMENT_TARGET = 12.3;
				MTL_ENABLE_DEBUG_INFO = INCLUDE_SOURCE;
				MTL_FAST_MATH = YES;
				ONLY_ACTIVE_ARCH = YES;
				SDKROOT = macosx;
			};
			name = Debug;
		};
		BE2D5ADD2836B1D0001374AD /* Release */ = {
			isa = XCBuildConfiguration;
			buildSettings = {
				ALWAYS_SEARCH_USER_PATHS = NO;
				CLANG_ANALYZER_NONNULL = YES;
				CLANG_ANALYZER_NUMBER_OBJECT_CONVERSION = YES_AGGRESSIVE;
				CLANG_CXX_LANGUAGE_STANDARD = "gnu++17";
				CLANG_ENABLE_MODULES = YES;
				CLANG_ENABLE_OBJC_ARC = YES;
				CLANG_ENABLE_OBJC_WEAK = YES;
				CLANG_WARN_BLOCK_CAPTURE_AUTORELEASING = YES;
				CLANG_WARN_BOOL_CONVERSION = YES;
				CLANG_WARN_COMMA = YES;
				CLANG_WARN_CONSTANT_CONVERSION = YES;
				CLANG_WARN_DEPRECATED_OBJC_IMPLEMENTATIONS = YES;
				CLANG_WARN_DIRECT_OBJC_ISA_USAGE = YES_ERROR;
				CLANG_WARN_DOCUMENTATION_COMMENTS = YES;
				CLANG_WARN_EMPTY_BODY = YES;
				CLANG_WARN_ENUM_CONVERSION = YES;
				CLANG_WARN_INFINITE_RECURSION = YES;
				CLANG_WARN_INT_CONVERSION = YES;
				CLANG_WARN_NON_LITERAL_NULL_CONVERSION = YES;
				CLANG_WARN_OBJC_IMPLICIT_RETAIN_SELF = YES;
				CLANG_WARN_OBJC_LITERAL_CONVERSION = YES;
				CLANG_WARN_OBJC_ROOT_CLASS = YES_ERROR;
				CLANG_WARN_QUOTED_INCLUDE_IN_FRAMEWORK_HEADER = YES;
				CLANG_WARN_RANGE_LOOP_ANALYSIS = YES;
				CLANG_WARN_STRICT_PROTOTYPES = YES;
				CLANG_WARN_SUSPICIOUS_MOVE = YES;
				CLANG_WARN_UNGUARDED_AVAILABILITY = YES_AGGRESSIVE;
				CLANG_WARN_UNREACHABLE_CODE = YES;
				CLANG_WARN__DUPLICATE_METHOD_MATCH = YES;
				COPY_PHASE_STRIP = NO;
				DEBUG_INFORMATION_FORMAT = "dwarf-with-dsym";
				ENABLE_NS_ASSERTIONS = NO;
				ENABLE_STRICT_OBJC_MSGSEND = YES;
				GCC_C_LANGUAGE_STANDARD = gnu11;
				GCC_NO_COMMON_BLOCKS = YES;
				GCC_WARN_64_TO_32_BIT_CONVERSION = YES;
				GCC_WARN_ABOUT_RETURN_TYPE = YES_ERROR;
				GCC_WARN_UNDECLARED_SELECTOR = YES;
				GCC_WARN_UNINITIALIZED_AUTOS = YES_AGGRESSIVE;
				GCC_WARN_UNUSED_FUNCTION = YES;
				GCC_WARN_UNUSED_VARIABLE = YES;
				MACOSX_DEPLOYMENT_TARGET = 12.3;
				MTL_ENABLE_DEBUG_INFO = NO;
				MTL_FAST_MATH = YES;
				SDKROOT = macosx;
			};
			name = Release;
		};
		BE2D5ADF2836B1D0001374AD /* Debug */ = {
			isa = XCBuildConfiguration;
			buildSettings = {
				CODE_SIGN_STYLE = Automatic;
				DEVELOPMENT_TEAM = 2JWSBNAJCH;
				ENABLE_HARDENED_RUNTIME = YES;
				PRODUCT_NAME = "$(TARGET_NAME)";
			};
			name = Debug;
		};
		BE2D5AE02836B1D0001374AD /* Release */ = {
			isa = XCBuildConfiguration;
			buildSettings = {
				CODE_SIGN_STYLE = Automatic;
				DEVELOPMENT_TEAM = 2JWSBNAJCH;
				ENABLE_HARDENED_RUNTIME = YES;
				PRODUCT_NAME = "$(TARGET_NAME)";
			};
			name = Release;
		};
/* End XCBuildConfiguration section */

/* Begin XCConfigurationList section */
		BE2D5AD22836B1D0001374AD /* Build configuration list for PBXProject "Herencia" */ = {
			isa = XCConfigurationList;
			buildConfigurations = (
				BE2D5ADC2836B1D0001374AD /* Debug */,
				BE2D5ADD2836B1D0001374AD /* Release */,
			);
			defaultConfigurationIsVisible = 0;
			defaultConfigurationName = Release;
		};
		BE2D5ADE2836B1D0001374AD /* Build configuration list for PBXNativeTarget "Herencia" */ = {
			isa = XCConfigurationList;
			buildConfigurations = (
				BE2D5ADF2836B1D0001374AD /* Debug */,
				BE2D5AE02836B1D0001374AD /* Release */,
			);
			defaultConfigurationIsVisible = 0;
			defaultConfigurationName = Release;
		};
/* End XCConfigurationList section */
	};
	rootObject = BE2D5ACF2836B1D0001374AD /* Project object */;
}
